
Microsoft Visual Studio Solution File, Format Version 12.00
# Visual Studio Version 16
VisualStudioVersion = 16.0.30204.135
MinimumVisualStudioVersion = 10.0.40219.1
Project("{FAE04EC0-301F-11D3-BF4B-00C04F79EFBC}") = "TimeUpdater", "TimeUpdater\TimeUpdater.csproj", "{EC4E6D86-BC30-49B5-8645-B49B56C13854}"
EndProject
Global
	GlobalSection(SolutionConfigurationPlatforms) = preSolution
		Debug|Any CPU = Debug|Any CPU
		Release|Any CPU = Release|Any CPU
	EndGlobalSection
	GlobalSection(ProjectConfigurationPlatforms) = postSolution
		{EC4E6D86-BC30-49B5-8645-B49B56C13854}.Debug|Any CPU.ActiveCfg = Debug|Any CPU
		{EC4E6D86-BC30-49B5-8645-B49B56C13854}.Debug|Any CPU.Build.0 = Debug|Any CPU
		{EC4E6D86-BC30-49B5-8645-B49B56C13854}.Release|Any CPU.ActiveCfg = Release|Any CPU
		{EC4E6D86-BC30-49B5-8645-B49B56C13854}.Release|Any CPU.Build.0 = Release|Any CPU
	EndGlobalSection
	GlobalSection(SolutionProperties) = preSolution
		HideSolutionNode = FALSE
	EndGlobalSection
	GlobalSection(ExtensibilityGlobals) = postSolution
		SolutionGuid = {24C97AFB-0102-48E7-BAFA-8FD4D1221B67}
	EndGlobalSection
EndGlobal
